PODS:
  - PoporAlertBubbleView (1.02)

DEPENDENCIES:
  - PoporAlertBubbleView (from `../`)

EXTERNAL SOURCES:
  PoporAlertBubbleView:
    :path: "../"

SPEC CHECKSUMS:
  PoporAlertBubbleView: 8a02b8b3331534eef503adaa83f77f8867fb74a4

PODFILE CHECKSUM: 86931a859dc34d37fad3e1e1ca5e0c7cbc342105

COCOAPODS: 1.10.0.beta.2
