PODS:
  - PoporAlertBubbleView (0.0.08):
    - PoporFoundation/NSAssistant
    - PoporFoundation/PrefixCore
    - PoporUI/UIView
  - PoporFoundation/NSAssistant (0.0.25):
    - PoporFoundation/PrefixCore
    - PoporFoundation/PrefixOs
  - PoporFoundation/PrefixCore (0.0.25):
    - PoporFoundation/PrefixOs
  - PoporFoundation/PrefixOs (0.0.25)
  - PoporUI/UIDeviceScreen (0.0.20)
  - PoporUI/UIView (0.0.20)

DEPENDENCIES:
  - PoporAlertBubbleView (from `../`)
  - PoporUI/UIDeviceScreen

SPEC REPOS:
  https://github.com/cocoapods/specs.git:
    - PoporFoundation
    - PoporUI

EXTERNAL SOURCES:
  PoporAlertBubbleView:
    :path: "../"

SPEC CHECKSUMS:
  PoporAlertBubbleView: aea73e383fca9d7dedda533fac160c9e66c720cf
  PoporFoundation: bca1071cd750888f2dac9e5f5bb0857d4f76e92b
  PoporUI: b4c780eec637e1123bdc9d6a55d0a555968c8773

PODFILE CHECKSUM: b3dbb620cb65f51ce8d16433a135c75e8f4a5f66

COCOAPODS: 1.6.0.beta.2
